
Microsoft Visual Studio Solution File, Format Version 12.00
# Visual Studio Version 17
VisualStudioVersion = 17.3.32811.315
MinimumVisualStudioVersion = 10.0.40219.1
Project("{FAE04EC0-301F-11D3-BF4B-00C04F79EFBC}") = "Group11_SEN381_Project", "Group11_SEN381_Project\Group11_SEN381_Project.csproj", "{CE5CFBCF-C6C9-4A70-B953-FDB3EB1BB2AB}"
EndProject
Global
	GlobalSection(SolutionConfigurationPlatforms) = preSolution
		Debug|Any CPU = Debug|Any CPU
		Release|Any CPU = Release|Any CPU
	EndGlobalSection
	GlobalSection(ProjectConfigurationPlatforms) = postSolution
		{CE5CFBCF-C6C9-4A70-B953-FDB3EB1BB2AB}.Debug|Any CPU.ActiveCfg = Debug|Any CPU
		{CE5CFBCF-C6C9-4A70-B953-FDB3EB1BB2AB}.Debug|Any CPU.Build.0 = Debug|Any CPU
		{CE5CFBCF-C6C9-4A70-B953-FDB3EB1BB2AB}.Release|Any CPU.ActiveCfg = Release|Any CPU
		{CE5CFBCF-C6C9-4A70-B953-FDB3EB1BB2AB}.Release|Any CPU.Build.0 = Release|Any CPU
	EndGlobalSection
	GlobalSection(SolutionProperties) = preSolution
		HideSolutionNode = FALSE
	EndGlobalSection
	GlobalSection(ExtensibilityGlobals) = postSolution
		SolutionGuid = {19201E2E-A9E5-4A13-B41D-14F517D5EB5E}
	EndGlobalSection
EndGlobal
